
Microsoft Visual Studio Solution File, Format Version 12.00
# Visual Studio Version 17
VisualStudioVersion = 17.4.33205.214
MinimumVisualStudioVersion = 10.0.40219.1
Project("{FAE04EC0-301F-11D3-BF4B-00C04F79EFBC}") = "AlumniNetworkApi", "AlumniNetworkApi\AlumniNetworkApi.csproj", "{11213669-6BBA-438F-8BD5-E55B83C31355}"
EndProject
Global
	GlobalSection(SolutionConfigurationPlatforms) = preSolution
		Debug|Any CPU = Debug|Any CPU
		Release|Any CPU = Release|Any CPU
	EndGlobalSection
	GlobalSection(ProjectConfigurationPlatforms) = postSolution
		{11213669-6BBA-438F-8BD5-E55B83C31355}.Debug|Any CPU.ActiveCfg = Debug|Any CPU
		{11213669-6BBA-438F-8BD5-E55B83C31355}.Debug|Any CPU.Build.0 = Debug|Any CPU
		{11213669-6BBA-438F-8BD5-E55B83C31355}.Release|Any CPU.ActiveCfg = Release|Any CPU
		{11213669-6BBA-438F-8BD5-E55B83C31355}.Release|Any CPU.Build.0 = Release|Any CPU
	EndGlobalSection
	GlobalSection(SolutionProperties) = preSolution
		HideSolutionNode = FALSE
	EndGlobalSection
	GlobalSection(ExtensibilityGlobals) = postSolution
		SolutionGuid = {8EB72648-1E1C-4225-AC7D-54EE35E8E189}
	EndGlobalSection
EndGlobal
